
Microsoft Visual Studio Solution File, Format Version 12.00
# Visual Studio Version 16
VisualStudioVersion = 16.0.30503.244
MinimumVisualStudioVersion = 10.0.40219.1
Project("{FAE04EC0-301F-11D3-BF4B-00C04F79EFBC}") = "Timer", "Timer\Timer.csproj", "{F8A055D2-9C60-4B81-BDF2-01F54991C874}"
EndProject
Global
	GlobalSection(SolutionConfigurationPlatforms) = preSolution
		Debug|Any CPU = Debug|Any CPU
		Release|Any CPU = Release|Any CPU
	EndGlobalSection
	GlobalSection(ProjectConfigurationPlatforms) = postSolution
		{F8A055D2-9C60-4B81-BDF2-01F54991C874}.Debug|Any CPU.ActiveCfg = Debug|Any CPU
		{F8A055D2-9C60-4B81-BDF2-01F54991C874}.Debug|Any CPU.Build.0 = Debug|Any CPU
		{F8A055D2-9C60-4B81-BDF2-01F54991C874}.Release|Any CPU.ActiveCfg = Release|Any CPU
		{F8A055D2-9C60-4B81-BDF2-01F54991C874}.Release|Any CPU.Build.0 = Release|Any CPU
	EndGlobalSection
	GlobalSection(SolutionProperties) = preSolution
		HideSolutionNode = FALSE
	EndGlobalSection
	GlobalSection(ExtensibilityGlobals) = postSolution
		SolutionGuid = {F55A92B9-2B75-408F-ABBD-D6494F533A6C}
	EndGlobalSection
EndGlobal
